
Microsoft Visual Studio Solution File, Format Version 12.00
# Visual Studio Version 17
VisualStudioVersion = 17.11.35219.272
MinimumVisualStudioVersion = 10.0.40219.1
Project("{FAE04EC0-301F-11D3-BF4B-00C04F79EFBC}") = "ToDo app", "ToDo app\ToDo app.csproj", "{07F7FDFB-6AB6-479D-8435-B0BAD04FB2EA}"
EndProject
Global
	GlobalSection(SolutionConfigurationPlatforms) = preSolution
		Debug|Any CPU = Debug|Any CPU
		Release|Any CPU = Release|Any CPU
	EndGlobalSection
	GlobalSection(ProjectConfigurationPlatforms) = postSolution
		{07F7FDFB-6AB6-479D-8435-B0BAD04FB2EA}.Debug|Any CPU.ActiveCfg = Debug|Any CPU
		{07F7FDFB-6AB6-479D-8435-B0BAD04FB2EA}.Debug|Any CPU.Build.0 = Debug|Any CPU
		{07F7FDFB-6AB6-479D-8435-B0BAD04FB2EA}.Release|Any CPU.ActiveCfg = Release|Any CPU
		{07F7FDFB-6AB6-479D-8435-B0BAD04FB2EA}.Release|Any CPU.Build.0 = Release|Any CPU
	EndGlobalSection
	GlobalSection(SolutionProperties) = preSolution
		HideSolutionNode = FALSE
	EndGlobalSection
	GlobalSection(ExtensibilityGlobals) = postSolution
		SolutionGuid = {AA061908-0683-4321-BA0F-47C568F27422}
	EndGlobalSection
EndGlobal
